
Microsoft Visual Studio Solution File, Format Version 12.00
# Visual Studio 15
VisualStudioVersion = 15.0.28010.2019
MinimumVisualStudioVersion = 10.0.40219.1
Project("{262852C6-CD72-467D-83FE-5EEB1973A190}") = "DDCharacterSheet", "DDCharacterSheet\DDCharacterSheet.jsproj", "{4070C64C-4ABA-4FDF-8788-03CD284A7FBB}"
EndProject
Project("{FAE04EC0-301F-11D3-BF4B-00C04F79EFBC}") = "CharacterSheetWebAPI", "CharacterSheetWebAPI\CharacterSheetWebAPI.csproj", "{9316C1F8-D11E-404F-93E7-50602C4B9016}"
EndProject
Project("{FAE04EC0-301F-11D3-BF4B-00C04F79EFBC}") = "CharacterSheetWebAPI.Contracts", "CharacterSheetWebAPI.Contracts\CharacterSheetWebAPI.Contracts.csproj", "{A1170359-8F8D-445C-9953-6B38065F6E1B}"
EndProject
Project("{FAE04EC0-301F-11D3-BF4B-00C04F79EFBC}") = "CharacterSheetWebAPI.Logic", "CharacterSheetWebAPI.Logic\CharacterSheetWebAPI.Logic.csproj", "{765F6983-9F79-4C70-9AE0-9C4761CEDD7A}"
EndProject
Global
	GlobalSection(SolutionConfigurationPlatforms) = preSolution
		Debug|Any CPU = Debug|Any CPU
		Debug|ARM = Debug|ARM
		Debug|x64 = Debug|x64
		Debug|x86 = Debug|x86
		Release|Any CPU = Release|Any CPU
		Release|ARM = Release|ARM
		Release|x64 = Release|x64
		Release|x86 = Release|x86
	EndGlobalSection
	GlobalSection(ProjectConfigurationPlatforms) = postSolution
		{4070C64C-4ABA-4FDF-8788-03CD284A7FBB}.Debug|Any CPU.ActiveCfg = Debug|Any CPU
		{4070C64C-4ABA-4FDF-8788-03CD284A7FBB}.Debug|Any CPU.Build.0 = Debug|Any CPU
		{4070C64C-4ABA-4FDF-8788-03CD284A7FBB}.Debug|Any CPU.Deploy.0 = Debug|Any CPU
		{4070C64C-4ABA-4FDF-8788-03CD284A7FBB}.Debug|ARM.ActiveCfg = Debug|Any CPU
		{4070C64C-4ABA-4FDF-8788-03CD284A7FBB}.Debug|ARM.Build.0 = Debug|Any CPU
		{4070C64C-4ABA-4FDF-8788-03CD284A7FBB}.Debug|ARM.Deploy.0 = Debug|Any CPU
		{4070C64C-4ABA-4FDF-8788-03CD284A7FBB}.Debug|x64.ActiveCfg = Debug|Any CPU
		{4070C64C-4ABA-4FDF-8788-03CD284A7FBB}.Debug|x64.Build.0 = Debug|Any CPU
		{4070C64C-4ABA-4FDF-8788-03CD284A7FBB}.Debug|x64.Deploy.0 = Debug|Any CPU
		{4070C64C-4ABA-4FDF-8788-03CD284A7FBB}.Debug|x86.ActiveCfg = Debug|Any CPU
		{4070C64C-4ABA-4FDF-8788-03CD284A7FBB}.Debug|x86.Build.0 = Debug|Any CPU
		{4070C64C-4ABA-4FDF-8788-03CD284A7FBB}.Debug|x86.Deploy.0 = Debug|Any CPU
		{4070C64C-4ABA-4FDF-8788-03CD284A7FBB}.Release|Any CPU.ActiveCfg = Debug|Any CPU
		{4070C64C-4ABA-4FDF-8788-03CD284A7FBB}.Release|Any CPU.Build.0 = Debug|Any CPU
		{4070C64C-4ABA-4FDF-8788-03CD284A7FBB}.Release|Any CPU.Deploy.0 = Debug|Any CPU
		{4070C64C-4ABA-4FDF-8788-03CD284A7FBB}.Release|ARM.ActiveCfg = Debug|Any CPU
		{4070C64C-4ABA-4FDF-8788-03CD284A7FBB}.Release|ARM.Build.0 = Debug|Any CPU
		{4070C64C-4ABA-4FDF-8788-03CD284A7FBB}.Release|ARM.Deploy.0 = Debug|Any CPU
		{4070C64C-4ABA-4FDF-8788-03CD284A7FBB}.Release|x64.ActiveCfg = Debug|Any CPU
		{4070C64C-4ABA-4FDF-8788-03CD284A7FBB}.Release|x64.Build.0 = Debug|Any CPU
		{4070C64C-4ABA-4FDF-8788-03CD284A7FBB}.Release|x64.Deploy.0 = Debug|Any CPU
		{4070C64C-4ABA-4FDF-8788-03CD284A7FBB}.Release|x86.ActiveCfg = Debug|Any CPU
		{4070C64C-4ABA-4FDF-8788-03CD284A7FBB}.Release|x86.Build.0 = Debug|Any CPU
		{4070C64C-4ABA-4FDF-8788-03CD284A7FBB}.Release|x86.Deploy.0 = Debug|Any CPU
		{9316C1F8-D11E-404F-93E7-50602C4B9016}.Debug|Any CPU.ActiveCfg = Debug|Any CPU
		{9316C1F8-D11E-404F-93E7-50602C4B9016}.Debug|Any CPU.Build.0 = Debug|Any CPU
		{9316C1F8-D11E-404F-93E7-50602C4B9016}.Debug|ARM.ActiveCfg = Debug|Any CPU
		{9316C1F8-D11E-404F-93E7-50602C4B9016}.Debug|ARM.Build.0 = Debug|Any CPU
		{9316C1F8-D11E-404F-93E7-50602C4B9016}.Debug|x64.ActiveCfg = Debug|Any CPU
		{9316C1F8-D11E-404F-93E7-50602C4B9016}.Debug|x64.Build.0 = Debug|Any CPU
		{9316C1F8-D11E-404F-93E7-50602C4B9016}.Debug|x86.ActiveCfg = Debug|Any CPU
		{9316C1F8-D11E-404F-93E7-50602C4B9016}.Debug|x86.Build.0 = Debug|Any CPU
		{9316C1F8-D11E-404F-93E7-50602C4B9016}.Release|Any CPU.ActiveCfg = Debug|Any CPU
		{9316C1F8-D11E-404F-93E7-50602C4B9016}.Release|Any CPU.Build.0 = Debug|Any CPU
		{9316C1F8-D11E-404F-93E7-50602C4B9016}.Release|ARM.ActiveCfg = Debug|Any CPU
		{9316C1F8-D11E-404F-93E7-50602C4B9016}.Release|ARM.Build.0 = Debug|Any CPU
		{9316C1F8-D11E-404F-93E7-50602C4B9016}.Release|x64.ActiveCfg = Debug|Any CPU
		{9316C1F8-D11E-404F-93E7-50602C4B9016}.Release|x64.Build.0 = Debug|Any CPU
		{9316C1F8-D11E-404F-93E7-50602C4B9016}.Release|x86.ActiveCfg = Debug|Any CPU
		{9316C1F8-D11E-404F-93E7-50602C4B9016}.Release|x86.Build.0 = Debug|Any CPU
		{A1170359-8F8D-445C-9953-6B38065F6E1B}.Debug|Any CPU.ActiveCfg = Debug|Any CPU
		{A1170359-8F8D-445C-9953-6B38065F6E1B}.Debug|Any CPU.Build.0 = Debug|Any CPU
		{A1170359-8F8D-445C-9953-6B38065F6E1B}.Debug|ARM.ActiveCfg = Debug|Any CPU
		{A1170359-8F8D-445C-9953-6B38065F6E1B}.Debug|ARM.Build.0 = Debug|Any CPU
		{A1170359-8F8D-445C-9953-6B38065F6E1B}.Debug|x64.ActiveCfg = Debug|Any CPU
		{A1170359-8F8D-445C-9953-6B38065F6E1B}.Debug|x64.Build.0 = Debug|Any CPU
		{A1170359-8F8D-445C-9953-6B38065F6E1B}.Debug|x86.ActiveCfg = Debug|Any CPU
		{A1170359-8F8D-445C-9953-6B38065F6E1B}.Debug|x86.Build.0 = Debug|Any CPU
		{A1170359-8F8D-445C-9953-6B38065F6E1B}.Release|Any CPU.ActiveCfg = Release|Any CPU
		{A1170359-8F8D-445C-9953-6B38065F6E1B}.Release|Any CPU.Build.0 = Release|Any CPU
		{A1170359-8F8D-445C-9953-6B38065F6E1B}.Release|ARM.ActiveCfg = Release|Any CPU
		{A1170359-8F8D-445C-9953-6B38065F6E1B}.Release|ARM.Build.0 = Release|Any CPU
		{A1170359-8F8D-445C-9953-6B38065F6E1B}.Release|x64.ActiveCfg = Release|Any CPU
		{A1170359-8F8D-445C-9953-6B38065F6E1B}.Release|x64.Build.0 = Release|Any CPU
		{A1170359-8F8D-445C-9953-6B38065F6E1B}.Release|x86.ActiveCfg = Release|Any CPU
		{A1170359-8F8D-445C-9953-6B38065F6E1B}.Release|x86.Build.0 = Release|Any CPU
		{765F6983-9F79-4C70-9AE0-9C4761CEDD7A}.Debug|Any CPU.ActiveCfg = Debug|Any CPU
		{765F6983-9F79-4C70-9AE0-9C4761CEDD7A}.Debug|Any CPU.Build.0 = Debug|Any CPU
		{765F6983-9F79-4C70-9AE0-9C4761CEDD7A}.Debug|ARM.ActiveCfg = Debug|Any CPU
		{765F6983-9F79-4C70-9AE0-9C4761CEDD7A}.Debug|ARM.Build.0 = Debug|Any CPU
		{765F6983-9F79-4C70-9AE0-9C4761CEDD7A}.Debug|x64.ActiveCfg = Debug|Any CPU
		{765F6983-9F79-4C70-9AE0-9C4761CEDD7A}.Debug|x64.Build.0 = Debug|Any CPU
		{765F6983-9F79-4C70-9AE0-9C4761CEDD7A}.Debug|x86.ActiveCfg = Debug|Any CPU
		{765F6983-9F79-4C70-9AE0-9C4761CEDD7A}.Debug|x86.Build.0 = Debug|Any CPU
		{765F6983-9F79-4C70-9AE0-9C4761CEDD7A}.Release|Any CPU.ActiveCfg = Release|Any CPU
		{765F6983-9F79-4C70-9AE0-9C4761CEDD7A}.Release|Any CPU.Build.0 = Release|Any CPU
		{765F6983-9F79-4C70-9AE0-9C4761CEDD7A}.Release|ARM.ActiveCfg = Release|Any CPU
		{765F6983-9F79-4C70-9AE0-9C4761CEDD7A}.Release|ARM.Build.0 = Release|Any CPU
		{765F6983-9F79-4C70-9AE0-9C4761CEDD7A}.Release|x64.ActiveCfg = Release|Any CPU
		{765F6983-9F79-4C70-9AE0-9C4761CEDD7A}.Release|x64.Build.0 = Release|Any CPU
		{765F6983-9F79-4C70-9AE0-9C4761CEDD7A}.Release|x86.ActiveCfg = Release|Any CPU
		{765F6983-9F79-4C70-9AE0-9C4761CEDD7A}.Release|x86.Build.0 = Release|Any CPU
	EndGlobalSection
	GlobalSection(SolutionProperties) = preSolution
		HideSolutionNode = FALSE
	EndGlobalSection
	GlobalSection(ExtensibilityGlobals) = postSolution
		SolutionGuid = {088EC838-EE95-4A71-ABD9-FB71553E97C0}
	EndGlobalSection
EndGlobal
